
Microsoft Visual Studio Solution File, Format Version 12.00
# Visual Studio Version 16
VisualStudioVersion = 16.0.31424.327
MinimumVisualStudioVersion = 10.0.40219.1
Project("{9A19103F-16F7-4668-BE54-9A1E7A4F7556}") = "Business", "Business\Business.csproj", "{6B132206-2E9D-4752-B3BA-CD296D4544AA}"
EndProject
Project("{9A19103F-16F7-4668-BE54-9A1E7A4F7556}") = "Core", "Core\Core.csproj", "{ECD67511-B07C-42A6-83EA-177FDC30D274}"
EndProject
Project("{9A19103F-16F7-4668-BE54-9A1E7A4F7556}") = "DataAccess", "DataAccess\DataAccess.csproj", "{B7CD8917-1F13-404D-B806-CB9D0A64AAF3}"
EndProject
Project("{9A19103F-16F7-4668-BE54-9A1E7A4F7556}") = "Entities", "Entities\Entities.csproj", "{3DCE4973-4A11-4337-A2A6-E2551DEF13D2}"
EndProject
Project("{9A19103F-16F7-4668-BE54-9A1E7A4F7556}") = "WebAPI", "WebAPI\WebAPI.csproj", "{30D5D39A-18F5-459B-8104-353346971D8D}"
EndProject
Global
	GlobalSection(SolutionConfigurationPlatforms) = preSolution
		Debug|Any CPU = Debug|Any CPU
		Release|Any CPU = Release|Any CPU
	EndGlobalSection
	GlobalSection(ProjectConfigurationPlatforms) = postSolution
		{6B132206-2E9D-4752-B3BA-CD296D4544AA}.Debug|Any CPU.ActiveCfg = Debug|Any CPU
		{6B132206-2E9D-4752-B3BA-CD296D4544AA}.Debug|Any CPU.Build.0 = Debug|Any CPU
		{6B132206-2E9D-4752-B3BA-CD296D4544AA}.Release|Any CPU.ActiveCfg = Release|Any CPU
		{6B132206-2E9D-4752-B3BA-CD296D4544AA}.Release|Any CPU.Build.0 = Release|Any CPU
		{ECD67511-B07C-42A6-83EA-177FDC30D274}.Debug|Any CPU.ActiveCfg = Debug|Any CPU
		{ECD67511-B07C-42A6-83EA-177FDC30D274}.Debug|Any CPU.Build.0 = Debug|Any CPU
		{ECD67511-B07C-42A6-83EA-177FDC30D274}.Release|Any CPU.ActiveCfg = Release|Any CPU
		{ECD67511-B07C-42A6-83EA-177FDC30D274}.Release|Any CPU.Build.0 = Release|Any CPU
		{B7CD8917-1F13-404D-B806-CB9D0A64AAF3}.Debug|Any CPU.ActiveCfg = Debug|Any CPU
		{B7CD8917-1F13-404D-B806-CB9D0A64AAF3}.Debug|Any CPU.Build.0 = Debug|Any CPU
		{B7CD8917-1F13-404D-B806-CB9D0A64AAF3}.Release|Any CPU.ActiveCfg = Release|Any CPU
		{B7CD8917-1F13-404D-B806-CB9D0A64AAF3}.Release|Any CPU.Build.0 = Release|Any CPU
		{3DCE4973-4A11-4337-A2A6-E2551DEF13D2}.Debug|Any CPU.ActiveCfg = Debug|Any CPU
		{3DCE4973-4A11-4337-A2A6-E2551DEF13D2}.Debug|Any CPU.Build.0 = Debug|Any CPU
		{3DCE4973-4A11-4337-A2A6-E2551DEF13D2}.Release|Any CPU.ActiveCfg = Release|Any CPU
		{3DCE4973-4A11-4337-A2A6-E2551DEF13D2}.Release|Any CPU.Build.0 = Release|Any CPU
		{30D5D39A-18F5-459B-8104-353346971D8D}.Debug|Any CPU.ActiveCfg = Debug|Any CPU
		{30D5D39A-18F5-459B-8104-353346971D8D}.Debug|Any CPU.Build.0 = Debug|Any CPU
		{30D5D39A-18F5-459B-8104-353346971D8D}.Release|Any CPU.ActiveCfg = Release|Any CPU
		{30D5D39A-18F5-459B-8104-353346971D8D}.Release|Any CPU.Build.0 = Release|Any CPU
	EndGlobalSection
	GlobalSection(SolutionProperties) = preSolution
		HideSolutionNode = FALSE
	EndGlobalSection
	GlobalSection(ExtensibilityGlobals) = postSolution
		SolutionGuid = {C84569FB-13E2-45C9-942E-67BFF224368B}
	EndGlobalSection
EndGlobal
